
Microsoft Visual Studio Solution File, Format Version 12.00
# Visual Studio Version 17
VisualStudioVersion = 17.10.35027.167
MinimumVisualStudioVersion = 10.0.40219.1
Project("{FAE04EC0-301F-11D3-BF4B-00C04F79EFBC}") = "p1", "p1\p1.csproj", "{ED983CC2-9680-4037-AFC6-4A7460C35A84}"
EndProject
Global
	GlobalSection(SolutionConfigurationPlatforms) = preSolution
		Debug|Any CPU = Debug|Any CPU
		Release|Any CPU = Release|Any CPU
	EndGlobalSection
	GlobalSection(ProjectConfigurationPlatforms) = postSolution
		{ED983CC2-9680-4037-AFC6-4A7460C35A84}.Debug|Any CPU.ActiveCfg = Debug|Any CPU
		{ED983CC2-9680-4037-AFC6-4A7460C35A84}.Debug|Any CPU.Build.0 = Debug|Any CPU
		{ED983CC2-9680-4037-AFC6-4A7460C35A84}.Release|Any CPU.ActiveCfg = Release|Any CPU
		{ED983CC2-9680-4037-AFC6-4A7460C35A84}.Release|Any CPU.Build.0 = Release|Any CPU
	EndGlobalSection
	GlobalSection(SolutionProperties) = preSolution
		HideSolutionNode = FALSE
	EndGlobalSection
	GlobalSection(ExtensibilityGlobals) = postSolution
		SolutionGuid = {EDD0EF7C-2B69-4129-9CD6-0EB5BA98755B}
	EndGlobalSection
EndGlobal
